
Microsoft Visual Studio Solution File, Format Version 12.00
# Visual Studio Version 16
VisualStudioVersion = 16.0.29324.140
MinimumVisualStudioVersion = 10.0.40219.1
Project("{FAE04EC0-301F-11D3-BF4B-00C04F79EFBC}") = "gestao-de-projetos", "gestao-de-projetos\gestao-de-projetos.csproj", "{2995309C-809F-4F2C-BC34-7321249383F6}"
EndProject
Project("{2150E333-8FDC-42A3-9474-1A3956D46DE8}") = "Solution Items", "Solution Items", "{51D7DDD4-72F4-42CC-9F7C-AE15B3239A80}"
	ProjectSection(SolutionItems) = preProject
		Conexao.cs = Conexao.cs
	EndProjectSection
EndProject
Global
	GlobalSection(SolutionConfigurationPlatforms) = preSolution
		Debug|Any CPU = Debug|Any CPU
		Release|Any CPU = Release|Any CPU
	EndGlobalSection
	GlobalSection(ProjectConfigurationPlatforms) = postSolution
		{2995309C-809F-4F2C-BC34-7321249383F6}.Debug|Any CPU.ActiveCfg = Debug|Any CPU
		{2995309C-809F-4F2C-BC34-7321249383F6}.Debug|Any CPU.Build.0 = Debug|Any CPU
		{2995309C-809F-4F2C-BC34-7321249383F6}.Release|Any CPU.ActiveCfg = Release|Any CPU
		{2995309C-809F-4F2C-BC34-7321249383F6}.Release|Any CPU.Build.0 = Release|Any CPU
	EndGlobalSection
	GlobalSection(SolutionProperties) = preSolution
		HideSolutionNode = FALSE
	EndGlobalSection
	GlobalSection(ExtensibilityGlobals) = postSolution
		SolutionGuid = {AFEDDDA9-8D88-4D40-99C5-E4609C393E3C}
	EndGlobalSection
EndGlobal
