
Microsoft Visual Studio Solution File, Format Version 12.00
# Visual Studio 15
VisualStudioVersion = 15.0.27130.2027
MinimumVisualStudioVersion = 10.0.40219.1
Project("{FAE04EC0-301F-11D3-BF4B-00C04F79EFBC}") = "Conexao", "Conexao\Conexao.csproj", "{4C4FFFFE-6C09-4E36-93E0-C525F62775CE}"
EndProject
Project("{FAE04EC0-301F-11D3-BF4B-00C04F79EFBC}") = "DataGrid", "DataGrid\DataGrid.csproj", "{212153CF-40AC-41CD-A56E-EC99108A3D17}"
EndProject
Project("{FAE04EC0-301F-11D3-BF4B-00C04F79EFBC}") = "CadastroSimples", "CadastroSimples\CadastroSimples.csproj", "{3A1C7D53-149C-4848-A8BE-46B5848324E4}"
EndProject
Project("{FAE04EC0-301F-11D3-BF4B-00C04F79EFBC}") = "DataGridSelect", "DataGridSelect\DataGridSelect.csproj", "{849F49C5-8A0D-486F-BF0B-D1147FA50FA4}"
EndProject
Global
	GlobalSection(SolutionConfigurationPlatforms) = preSolution
		Debug|Any CPU = Debug|Any CPU
		Release|Any CPU = Release|Any CPU
	EndGlobalSection
	GlobalSection(ProjectConfigurationPlatforms) = postSolution
		{4C4FFFFE-6C09-4E36-93E0-C525F62775CE}.Debug|Any CPU.ActiveCfg = Debug|Any CPU
		{4C4FFFFE-6C09-4E36-93E0-C525F62775CE}.Debug|Any CPU.Build.0 = Debug|Any CPU
		{4C4FFFFE-6C09-4E36-93E0-C525F62775CE}.Release|Any CPU.ActiveCfg = Release|Any CPU
		{4C4FFFFE-6C09-4E36-93E0-C525F62775CE}.Release|Any CPU.Build.0 = Release|Any CPU
		{212153CF-40AC-41CD-A56E-EC99108A3D17}.Debug|Any CPU.ActiveCfg = Debug|Any CPU
		{212153CF-40AC-41CD-A56E-EC99108A3D17}.Debug|Any CPU.Build.0 = Debug|Any CPU
		{212153CF-40AC-41CD-A56E-EC99108A3D17}.Release|Any CPU.ActiveCfg = Release|Any CPU
		{212153CF-40AC-41CD-A56E-EC99108A3D17}.Release|Any CPU.Build.0 = Release|Any CPU
		{3A1C7D53-149C-4848-A8BE-46B5848324E4}.Debug|Any CPU.ActiveCfg = Debug|Any CPU
		{3A1C7D53-149C-4848-A8BE-46B5848324E4}.Debug|Any CPU.Build.0 = Debug|Any CPU
		{3A1C7D53-149C-4848-A8BE-46B5848324E4}.Release|Any CPU.ActiveCfg = Release|Any CPU
		{3A1C7D53-149C-4848-A8BE-46B5848324E4}.Release|Any CPU.Build.0 = Release|Any CPU
		{849F49C5-8A0D-486F-BF0B-D1147FA50FA4}.Debug|Any CPU.ActiveCfg = Debug|Any CPU
		{849F49C5-8A0D-486F-BF0B-D1147FA50FA4}.Debug|Any CPU.Build.0 = Debug|Any CPU
		{849F49C5-8A0D-486F-BF0B-D1147FA50FA4}.Release|Any CPU.ActiveCfg = Release|Any CPU
		{849F49C5-8A0D-486F-BF0B-D1147FA50FA4}.Release|Any CPU.Build.0 = Release|Any CPU
	EndGlobalSection
	GlobalSection(SolutionProperties) = preSolution
		HideSolutionNode = FALSE
	EndGlobalSection
	GlobalSection(ExtensibilityGlobals) = postSolution
		SolutionGuid = {9229C574-ECB0-4D5C-BF3A-A2EDEB02D6DA}
	EndGlobalSection
EndGlobal
